
Microsoft Visual Studio Solution File, Format Version 12.00
# Visual Studio Version 16
VisualStudioVersion = 16.0.32929.386
MinimumVisualStudioVersion = 10.0.40219.1
Project("{FAE04EC0-301F-11D3-BF4B-00C04F79EFBC}") = "Task1", "Task1\Task1.csproj", "{D71814FF-89F4-4A56-A455-19C9D8724BFA}"
EndProject
Project("{FAE04EC0-301F-11D3-BF4B-00C04F79EFBC}") = "Task2", "Task2\Task2.csproj", "{6B669409-116D-4484-BB11-3A7F3802894A}"
EndProject
Global
	GlobalSection(SolutionConfigurationPlatforms) = preSolution
		Debug|Any CPU = Debug|Any CPU
		Release|Any CPU = Release|Any CPU
	EndGlobalSection
	GlobalSection(ProjectConfigurationPlatforms) = postSolution
		{D71814FF-89F4-4A56-A455-19C9D8724BFA}.Debug|Any CPU.ActiveCfg = Debug|Any CPU
		{D71814FF-89F4-4A56-A455-19C9D8724BFA}.Debug|Any CPU.Build.0 = Debug|Any CPU
		{D71814FF-89F4-4A56-A455-19C9D8724BFA}.Release|Any CPU.ActiveCfg = Release|Any CPU
		{D71814FF-89F4-4A56-A455-19C9D8724BFA}.Release|Any CPU.Build.0 = Release|Any CPU
		{6B669409-116D-4484-BB11-3A7F3802894A}.Debug|Any CPU.ActiveCfg = Debug|Any CPU
		{6B669409-116D-4484-BB11-3A7F3802894A}.Debug|Any CPU.Build.0 = Debug|Any CPU
		{6B669409-116D-4484-BB11-3A7F3802894A}.Release|Any CPU.ActiveCfg = Release|Any CPU
		{6B669409-116D-4484-BB11-3A7F3802894A}.Release|Any CPU.Build.0 = Release|Any CPU
	EndGlobalSection
	GlobalSection(SolutionProperties) = preSolution
		HideSolutionNode = FALSE
	EndGlobalSection
	GlobalSection(ExtensibilityGlobals) = postSolution
		SolutionGuid = {6C5743D3-C6A7-4F3A-AD0A-DC8DBF34C84C}
	EndGlobalSection
EndGlobal
